# This file is automatically @generated by Cargo.
# It is not intended for manual editing.
version = 4

[[package]]
name = "datastage"
version = "0.1.0"
dependencies = [
 "fk",
 "fkdata",
 "fkrecipes",
]

[[package]]
name = "fk"
version = "0.1.0"
source = "git+https://github.com/Techrocket9/fklua#efcc71e809215b10f4defdc188fc9a0adb024fe8"

[[package]]
name = "fkdata"
version = "0.1.0"
source = "git+https://github.com/Techrocket9/fklua#efcc71e809215b10f4defdc188fc9a0adb024fe8"
dependencies = [
 "fk",
]

[[package]]
name = "fkrecipes"
version = "0.1.0"
dependencies = [
 "fkdata",
]
