# This file is automatically @generated by Cargo.
# It is not intended for manual editing.
version = 4

[[package]]
name = "datastage"
version = "0.1.0"
dependencies = [
 "fk",
 "fkdata",
 "fkrecipes",
]

[[package]]
name = "fk"
version = "0.1.0"
source = "git+https://github.com/Techrocket9/fklua#97099899237de4345de8c9dcaf22e493f95ca258"

[[package]]
name = "fkdata"
version = "0.1.0"
source = "git+https://github.com/Techrocket9/fklua#97099899237de4345de8c9dcaf22e493f95ca258"
dependencies = [
 "fk",
]

[[package]]
name = "fkrecipes"
version = "0.1.1"
dependencies = [
 "fkdata",
]

[[package]]
name = "notext"
version = "0.1.0"
dependencies = [
 "fk",
 "fkdata",
 "fkrecipes",
]
